
Microsoft Visual Studio Solution File, Format Version 12.00
# Visual Studio Version 17
VisualStudioVersion = 17.3.32929.385
MinimumVisualStudioVersion = 10.0.40219.1
Project("{FAE04EC0-301F-11D3-BF4B-00C04F79EFBC}") = "Practice Mids", "Practice Mids\Practice Mids.csproj", "{6BAD8760-897E-49C8-9068-CB03DC4F8293}"
EndProject
Global
	GlobalSection(SolutionConfigurationPlatforms) = preSolution
		Debug|Any CPU = Debug|Any CPU
		Release|Any CPU = Release|Any CPU
	EndGlobalSection
	GlobalSection(ProjectConfigurationPlatforms) = postSolution
		{6BAD8760-897E-49C8-9068-CB03DC4F8293}.Debug|Any CPU.ActiveCfg = Debug|Any CPU
		{6BAD8760-897E-49C8-9068-CB03DC4F8293}.Debug|Any CPU.Build.0 = Debug|Any CPU
		{6BAD8760-897E-49C8-9068-CB03DC4F8293}.Release|Any CPU.ActiveCfg = Release|Any CPU
		{6BAD8760-897E-49C8-9068-CB03DC4F8293}.Release|Any CPU.Build.0 = Release|Any CPU
	EndGlobalSection
	GlobalSection(SolutionProperties) = preSolution
		HideSolutionNode = FALSE
	EndGlobalSection
	GlobalSection(ExtensibilityGlobals) = postSolution
		SolutionGuid = {DCA3EBC5-0C44-46D7-AA6B-40F8B096803D}
	EndGlobalSection
EndGlobal
